
Microsoft Visual Studio Solution File, Format Version 12.00
# Visual Studio Version 17
VisualStudioVersion = 17.14.37710.0 d17.14
MinimumVisualStudioVersion = 10.0.40219.1
Project("{FAE04EC0-301F-11D3-BF4B-00C04F79EFBC}") = "Task 05 - Debug & Refactor Pack", "Task 05 - Debug & Refactor Pack.csproj", "{C7E8B755-D33D-4051-B1E4-E492B298AEC2}"
EndProject
Global
	GlobalSection(SolutionConfigurationPlatforms) = preSolution
		Debug|Any CPU = Debug|Any CPU
		Release|Any CPU = Release|Any CPU
	EndGlobalSection
	GlobalSection(ProjectConfigurationPlatforms) = postSolution
		{C7E8B755-D33D-4051-B1E4-E492B298AEC2}.Debug|Any CPU.ActiveCfg = Debug|Any CPU
		{C7E8B755-D33D-4051-B1E4-E492B298AEC2}.Debug|Any CPU.Build.0 = Debug|Any CPU
		{C7E8B755-D33D-4051-B1E4-E492B298AEC2}.Release|Any CPU.ActiveCfg = Release|Any CPU
		{C7E8B755-D33D-4051-B1E4-E492B298AEC2}.Release|Any CPU.Build.0 = Release|Any CPU
	EndGlobalSection
	GlobalSection(SolutionProperties) = preSolution
		HideSolutionNode = FALSE
	EndGlobalSection
	GlobalSection(ExtensibilityGlobals) = postSolution
		SolutionGuid = {9CDD1CB3-EE04-4DE1-BF91-B3E753E5B9CD}
	EndGlobalSection
EndGlobal
