
Microsoft Visual Studio Solution File, Format Version 12.00
# Visual Studio Version 17
VisualStudioVersion = 17.14.37012.4
MinimumVisualStudioVersion = 10.0.40219.1
Project("{FAE04EC0-301F-11D3-BF4B-00C04F79EFBC}") = "Task 05 - Business Rules & Data Integrity", "Task 05 - Business Rules & Data Integrity.csproj", "{62B0B643-19D4-4446-9DE5-F448F3B62449}"
EndProject
Global
	GlobalSection(SolutionConfigurationPlatforms) = preSolution
		Debug|Any CPU = Debug|Any CPU
		Release|Any CPU = Release|Any CPU
	EndGlobalSection
	GlobalSection(ProjectConfigurationPlatforms) = postSolution
		{62B0B643-19D4-4446-9DE5-F448F3B62449}.Debug|Any CPU.ActiveCfg = Debug|Any CPU
		{62B0B643-19D4-4446-9DE5-F448F3B62449}.Debug|Any CPU.Build.0 = Debug|Any CPU
		{62B0B643-19D4-4446-9DE5-F448F3B62449}.Release|Any CPU.ActiveCfg = Release|Any CPU
		{62B0B643-19D4-4446-9DE5-F448F3B62449}.Release|Any CPU.Build.0 = Release|Any CPU
	EndGlobalSection
	GlobalSection(SolutionProperties) = preSolution
		HideSolutionNode = FALSE
	EndGlobalSection
	GlobalSection(ExtensibilityGlobals) = postSolution
		SolutionGuid = {0E9ECFEC-F2E6-42FA-8E1F-322A6B8673B8}
	EndGlobalSection
EndGlobal
