
Microsoft Visual Studio Solution File, Format Version 12.00
# Visual Studio Version 17
VisualStudioVersion = 17.14.37710.0 d17.14
MinimumVisualStudioVersion = 10.0.40219.1
Project("{FAE04EC0-301F-11D3-BF4B-00C04F79EFBC}") = "Task 06 - API Standards & Refactor Pack", "Task 06 - API Standards & Refactor Pack.csproj", "{0C4ED1DE-A397-45AF-B896-6232CAB7B682}"
EndProject
Global
	GlobalSection(SolutionConfigurationPlatforms) = preSolution
		Debug|Any CPU = Debug|Any CPU
		Release|Any CPU = Release|Any CPU
	EndGlobalSection
	GlobalSection(ProjectConfigurationPlatforms) = postSolution
		{0C4ED1DE-A397-45AF-B896-6232CAB7B682}.Debug|Any CPU.ActiveCfg = Debug|Any CPU
		{0C4ED1DE-A397-45AF-B896-6232CAB7B682}.Debug|Any CPU.Build.0 = Debug|Any CPU
		{0C4ED1DE-A397-45AF-B896-6232CAB7B682}.Release|Any CPU.ActiveCfg = Release|Any CPU
		{0C4ED1DE-A397-45AF-B896-6232CAB7B682}.Release|Any CPU.Build.0 = Release|Any CPU
	EndGlobalSection
	GlobalSection(SolutionProperties) = preSolution
		HideSolutionNode = FALSE
	EndGlobalSection
	GlobalSection(ExtensibilityGlobals) = postSolution
		SolutionGuid = {688DC929-262A-4CC9-B473-3C0610C317CF}
	EndGlobalSection
EndGlobal
